
Microsoft Visual Studio Solution File, Format Version 12.00
# Visual Studio Version 16
VisualStudioVersion = 16.0.28922.388
MinimumVisualStudioVersion = 10.0.40219.1
Project("{FAE04EC0-301F-11D3-BF4B-00C04F79EFBC}") = "MMR Tracker", "MMR Tracker.csproj", "{A03F0B28-63B4-447C-BA1B-C7EEB2DA0D5D}"
EndProject
Global
	GlobalSection(SolutionConfigurationPlatforms) = preSolution
		Debug|Any CPU = Debug|Any CPU
		Release|Any CPU = Release|Any CPU
	EndGlobalSection
	GlobalSection(ProjectConfigurationPlatforms) = postSolution
		{A03F0B28-63B4-447C-BA1B-C7EEB2DA0D5D}.Debug|Any CPU.ActiveCfg = Debug|Any CPU
		{A03F0B28-63B4-447C-BA1B-C7EEB2DA0D5D}.Debug|Any CPU.Build.0 = Debug|Any CPU
		{A03F0B28-63B4-447C-BA1B-C7EEB2DA0D5D}.Release|Any CPU.ActiveCfg = Release|Any CPU
		{A03F0B28-63B4-447C-BA1B-C7EEB2DA0D5D}.Release|Any CPU.Build.0 = Release|Any CPU
	EndGlobalSection
	GlobalSection(SolutionProperties) = preSolution
		HideSolutionNode = FALSE
	EndGlobalSection
	GlobalSection(ExtensibilityGlobals) = postSolution
		SolutionGuid = {CEF208C5-9559-4D94-8455-67ED290425D6}
	EndGlobalSection
EndGlobal
